// !$*UTF8*$!
{
	archiveVersion = 1;
	classes = {
	};
	objectVersion = 50;
	objects = {

/* Begin PBXBuildFile section */
		9F4C9A3223F0687F007EC324 /* AppDelegate.swift in Sources */ = {isa = PBXBuildFile; fileRef = 9F4C9A3123F0687F007EC324 /* AppDelegate.swift */; };
		9F4C9A3423F0687F007EC324 /* SceneDelegate.swift in Sources */ = {isa = PBXBuildFile; fileRef = 9F4C9A3323F0687F007EC324 /* SceneDelegate.swift */; };
		9F4C9A3623F0687F007EC324 /* ViewController.swift in Sources */ = {isa = PBXBuildFile; fileRef = 9F4C9A3523F0687F007EC324 /* ViewController.swift */; };
		9F4C9A3923F0687F007EC324 /* Main.storyboard in Resources */ = {isa = PBXBuildFile; fileRef = 9F4C9A3723F0687F007EC324 /* Main.storyboard */; };
		9F4C9A3B23F06880007EC324 /* Assets.xcassets in Resources */ = {isa = PBXBuildFile; fileRef = 9F4C9A3A23F06880007EC324 /* Assets.xcassets */; };
		9F4C9A3E23F06880007EC324 /* LaunchScreen.storyboard in Resources */ = {isa = PBXBuildFile; fileRef = 9F4C9A3C23F06880007EC324 /* LaunchScreen.storyboard */; };
		9F4C9A4923F06880007EC324 /* AccountsTests.swift in Sources */ = {isa = PBXBuildFile; fileRef = 9F4C9A4823F06880007EC324 /* AccountsTests.swift */; };
/* End PBXBuildFile section */

/* Begin PBXContainerItemProxy section */
		9F4C9A4523F06880007EC324 /* PBXContainerItemProxy */ = {
			isa = PBXContainerItemProxy;
			containerPortal = 9F4C9A2623F0687F007EC324 /* Project object */;
			proxyType = 1;
			remoteGlobalIDString = 9F4C9A2D23F0687F007EC324;
			remoteInfo = Accounts;
		};
/* End PBXContainerItemProxy section */

/* Begin PBXFileReference section */
		9F4C9A2E23F0687F007EC324 /* Accounts.app */ = {isa = PBXFileReference; explicitFileType = wrapper.application; includeInIndex = 0; path = Accounts.app; sourceTree = BUILT_PRODUCTS_DIR; };
		9F4C9A3123F0687F007EC324 /* AppDelegate.swift */ = {isa = PBXFileReference; lastKnownFileType = sourcecode.swift; path = AppDelegate.swift; sourceTree = "<group>"; };
		9F4C9A3323F0687F007EC324 /* SceneDelegate.swift */ = {isa = PBXFileReference; lastKnownFileType = sourcecode.swift; path = SceneDelegate.swift; sourceTree = "<group>"; };
		9F4C9A3523F0687F007EC324 /* ViewController.swift */ = {isa = PBXFileReference; lastKnownFileType = sourcecode.swift; path = ViewController.swift; sourceTree = "<group>"; };
		9F4C9A3823F0687F007EC324 /* Base */ = {isa = PBXFileReference; lastKnownFileType = file.storyboard; name = Base; path = Base.lproj/Main.storyboard; sourceTree = "<group>"; };
		9F4C9A3A23F06880007EC324 /* Assets.xcassets */ = {isa = PBXFileReference; lastKnownFileType = folder.assetcatalog; path = Assets.xcassets; sourceTree = "<group>"; };
		9F4C9A3D23F06880007EC324 /* Base */ = {isa = PBXFileReference; lastKnownFileType = file.storyboard; name = Base; path = Base.lproj/LaunchScreen.storyboard; sourceTree = "<group>"; };
		9F4C9A3F23F06880007EC324 /* Info.plist */ = {isa = PBXFileReference; lastKnownFileType = text.plist.xml; path = Info.plist; sourceTree = "<group>"; };
		9F4C9A4423F06880007EC324 /* AccountsTests.xctest */ = {isa = PBXFileReference; explicitFileType = wrapper.cfbundle; includeInIndex = 0; path = AccountsTests.xctest; sourceTree = BUILT_PRODUCTS_DIR; };
		9F4C9A4823F06880007EC324 /* AccountsTests.swift */ = {isa = PBXFileReference; lastKnownFileType = sourcecode.swift; path = AccountsTests.swift; sourceTree = "<group>"; };
		9F4C9A4A23F06880007EC324 /* Info.plist */ = {isa = PBXFileReference; lastKnownFileType = text.plist.xml; path = Info.plist; sourceTree = "<group>"; };
/* End PBXFileReference section */

/* Begin PBXFrameworksBuildPhase section */
		9F4C9A2B23F0687F007EC324 /* Frameworks */ = {
			isa = PBXFrameworksBuildPhase;
			buildActionMask = 2147483647;
			files = (
			);
			runOnlyForDeploymentPostprocessing = 0;
		};
		9F4C9A4123F06880007EC324 /* Frameworks */ = {
			isa = PBXFrameworksBuildPhase;
			buildActionMask = 2147483647;
			files = (
			);
			runOnlyForDeploymentPostprocessing = 0;
		};
/* End PBXFrameworksBuildPhase section */

/* Begin PBXGroup section */
		9F4C9A2523F0687F007EC324 = {
			isa = PBXGroup;
			children = (
				9F4C9A3023F0687F007EC324 /* Accounts */,
				9F4C9A4723F06880007EC324 /* AccountsTests */,
				9F4C9A2F23F0687F007EC324 /* Products */,
			);
			sourceTree = "<group>";
		};
		9F4C9A2F23F0687F007EC324 /* Products */ = {
			isa = PBXGroup;
			children = (
				9F4C9A2E23F0687F007EC324 /* Accounts.app */,
				9F4C9A4423F06880007EC324 /* AccountsTests.xctest */,
			);
			name = Products;
			sourceTree = "<group>";
		};
		9F4C9A3023F0687F007EC324 /* Accounts */ = {
			isa = PBXGroup;
			children = (
				9F4C9A3123F0687F007EC324 /* AppDelegate.swift */,
				9F4C9A3323F0687F007EC324 /* SceneDelegate.swift */,
				9F4C9A3523F0687F007EC324 /* ViewController.swift */,
				9F4C9A3723F0687F007EC324 /* Main.storyboard */,
				9F4C9A3A23F06880007EC324 /* Assets.xcassets */,
				9F4C9A3C23F06880007EC324 /* LaunchScreen.storyboard */,
				9F4C9A3F23F06880007EC324 /* Info.plist */,
			);
			path = Accounts;
			sourceTree = "<group>";
		};
		9F4C9A4723F06880007EC324 /* AccountsTests */ = {
			isa = PBXGroup;
			children = (
				9F4C9A4823F06880007EC324 /* AccountsTests.swift */,
				9F4C9A4A23F06880007EC324 /* Info.plist */,
			);
			path = AccountsTests;
			sourceTree = "<group>";
		};
/* End PBXGroup section */

/* Begin PBXNativeTarget section */
		9F4C9A2D23F0687F007EC324 /* Accounts */ = {
			isa = PBXNativeTarget;
			buildConfigurationList = 9F4C9A4D23F06880007EC324 /* Build configuration list for PBXNativeTarget "Accounts" */;
			buildPhases = (
				9F4C9A2A23F0687F007EC324 /* Sources */,
				9F4C9A2B23F0687F007EC324 /* Frameworks */,
				9F4C9A2C23F0687F007EC324 /* Resources */,
			);
			buildRules = (
			);
			dependencies = (
			);
			name = Accounts;
			productName = Accounts;
			productReference = 9F4C9A2E23F0687F007EC324 /* Accounts.app */;
			productType = "com.apple.product-type.application";
		};
		9F4C9A4323F06880007EC324 /* AccountsTests */ = {
			isa = PBXNativeTarget;
			buildConfigurationList = 9F4C9A5023F06880007EC324 /* Build configuration list for PBXNativeTarget "AccountsTests" */;
			buildPhases = (
				9F4C9A4023F06880007EC324 /* Sources */,
				9F4C9A4123F06880007EC324 /* Frameworks */,
				9F4C9A4223F06880007EC324 /* Resources */,
			);
			buildRules = (
			);
			dependencies = (
				9F4C9A4623F06880007EC324 /* PBXTargetDependency */,
			);
			name = AccountsTests;
			productName = AccountsTests;
			productReference = 9F4C9A4423F06880007EC324 /* AccountsTests.xctest */;
			productType = "com.apple.product-type.bundle.unit-test";
		};
/* End PBXNativeTarget section */

/* Begin PBXProject section */
		9F4C9A2623F0687F007EC324 /* Project object */ = {
			isa = PBXProject;
			attributes = {
				LastSwiftUpdateCheck = 1130;
				LastUpgradeCheck = 1130;
				ORGANIZATIONNAME = "Nadal Ferriol";
				TargetAttributes = {
					9F4C9A2D23F0687F007EC324 = {
						CreatedOnToolsVersion = 11.3.1;
					};
					9F4C9A4323F06880007EC324 = {
						CreatedOnToolsVersion = 11.3.1;
						TestTargetID = 9F4C9A2D23F0687F007EC324;
					};
				};
			};
			buildConfigurationList = 9F4C9A2923F0687F007EC324 /* Build configuration list for PBXProject "Accounts" */;
			compatibilityVersion = "Xcode 9.3";
			developmentRegion = en;
			hasScannedForEncodings = 0;
			knownRegions = (
				en,
				Base,
			);
			mainGroup = 9F4C9A2523F0687F007EC324;
			productRefGroup = 9F4C9A2F23F0687F007EC324 /* Products */;
			projectDirPath = "";
			projectRoot = "";
			targets = (
				9F4C9A2D23F0687F007EC324 /* Accounts */,
				9F4C9A4323F06880007EC324 /* AccountsTests */,
			);
		};
/* End PBXProject section */

/* Begin PBXResourcesBuildPhase section */
		9F4C9A2C23F0687F007EC324 /* Resources */ = {
			isa = PBXResourcesBuildPhase;
			buildActionMask = 2147483647;
			files = (
				9F4C9A3E23F06880007EC324 /* LaunchScreen.storyboard in Resources */,
				9F4C9A3B23F06880007EC324 /* Assets.xcassets in Resources */,
				9F4C9A3923F0687F007EC324 /* Main.storyboard in Resources */,
			);
			runOnlyForDeploymentPostprocessing = 0;
		};
		9F4C9A4223F06880007EC324 /* Resources */ = {
			isa = PBXResourcesBuildPhase;
			buildActionMask = 2147483647;
			files = (
			);
			runOnlyForDeploymentPostprocessing = 0;
		};
/* End PBXResourcesBuildPhase section */

/* Begin PBXSourcesBuildPhase section */
		9F4C9A2A23F0687F007EC324 /* Sources */ = {
			isa = PBXSourcesBuildPhase;
			buildActionMask = 2147483647;
			files = (
				9F4C9A3623F0687F007EC324 /* ViewController.swift in Sources */,
				9F4C9A3223F0687F007EC324 /* AppDelegate.swift in Sources */,
				9F4C9A3423F0687F007EC324 /* SceneDelegate.swift in Sources */,
			);
			runOnlyForDeploymentPostprocessing = 0;
		};
		9F4C9A4023F06880007EC324 /* Sources */ = {
			isa = PBXSourcesBuildPhase;
			buildActionMask = 2147483647;
			files = (
				9F4C9A4923F06880007EC324 /* AccountsTests.swift in Sources */,
			);
			runOnlyForDeploymentPostprocessing = 0;
		};
/* End PBXSourcesBuildPhase section */

/* Begin PBXTargetDependency section */
		9F4C9A4623F06880007EC324 /* PBXTargetDependency */ = {
			isa = PBXTargetDependency;
			target = 9F4C9A2D23F0687F007EC324 /* Accounts */;
			targetProxy = 9F4C9A4523F06880007EC324 /* PBXContainerItemProxy */;
		};
/* End PBXTargetDependency section */

/* Begin PBXVariantGroup section */
		9F4C9A3723F0687F007EC324 /* Main.storyboard */ = {
			isa = PBXVariantGroup;
			children = (
				9F4C9A3823F0687F007EC324 /* Base */,
			);
			name = Main.storyboard;
			sourceTree = "<group>";
		};
		9F4C9A3C23F06880007EC324 /* LaunchScreen.storyboard */ = {
			isa = PBXVariantGroup;
			children = (
				9F4C9A3D23F06880007EC324 /* Base */,
			);
			name = LaunchScreen.storyboard;
			sourceTree = "<group>";
		};
/* End PBXVariantGroup section */

/* Begin XCBuildConfiguration section */
		9F4C9A4B23F06880007EC324 /* Debug */ = {
			isa = XCBuildConfiguration;
			buildSettings = {
				ALWAYS_SEARCH_USER_PATHS = NO;
				CLANG_ANALYZER_NONNULL = YES;
				CLANG_ANALYZER_NUMBER_OBJECT_CONVERSION = YES_AGGRESSIVE;
				CLANG_CXX_LANGUAGE_STANDARD = "gnu++14";
				CLANG_CXX_LIBRARY = "libc++";
				CLANG_ENABLE_MODULES = YES;
				CLANG_ENABLE_OBJC_ARC = YES;
				CLANG_ENABLE_OBJC_WEAK = YES;
				CLANG_WARN_BLOCK_CAPTURE_AUTORELEASING = YES;
				CLANG_WARN_BOOL_CONVERSION = YES;
				CLANG_WARN_COMMA = YES;
				CLANG_WARN_CONSTANT_CONVERSION = YES;
				CLANG_WARN_DEPRECATED_OBJC_IMPLEMENTATIONS = YES;
				CLANG_WARN_DIRECT_OBJC_ISA_USAGE = YES_ERROR;
				CLANG_WARN_DOCUMENTATION_COMMENTS = YES;
				CLANG_WARN_EMPTY_BODY = YES;
				CLANG_WARN_ENUM_CONVERSION = YES;
				CLANG_WARN_INFINITE_RECURSION = YES;
				CLANG_WARN_INT_CONVERSION = YES;
				CLANG_WARN_NON_LITERAL_NULL_CONVERSION = YES;
				CLANG_WARN_OBJC_IMPLICIT_RETAIN_SELF = YES;
				CLANG_WARN_OBJC_LITERAL_CONVERSION = YES;
				CLANG_WARN_OBJC_ROOT_CLASS = YES_ERROR;
				CLANG_WARN_RANGE_LOOP_ANALYSIS = YES;
				CLANG_WARN_STRICT_PROTOTYPES = YES;
				CLANG_WARN_SUSPICIOUS_MOVE = YES;
				CLANG_WARN_UNGUARDED_AVAILABILITY = YES_AGGRESSIVE;
				CLANG_WARN_UNREACHABLE_CODE = YES;
				CLANG_WARN__DUPLICATE_METHOD_MATCH = YES;
				COPY_PHASE_STRIP = NO;
				DEBUG_INFORMATION_FORMAT = dwarf;
				ENABLE_STRICT_OBJC_MSGSEND = YES;
				ENABLE_TESTABILITY = YES;
				GCC_C_LANGUAGE_STANDARD = gnu11;
				GCC_DYNAMIC_NO_PIC = NO;
				GCC_NO_COMMON_BLOCKS = YES;
				GCC_OPTIMIZATION_LEVEL = 0;
				GCC_PREPROCESSOR_DEFINITIONS = (
					"DEBUG=1",
					"$(inherited)",
				);
				GCC_WARN_64_TO_32_BIT_CONVERSION = YES;
				GCC_WARN_ABOUT_RETURN_TYPE = YES_ERROR;
				GCC_WARN_UNDECLARED_SELECTOR = YES;
				GCC_WARN_UNINITIALIZED_AUTOS = YES_AGGRESSIVE;
				GCC_WARN_UNUSED_FUNCTION = YES;
				GCC_WARN_UNUSED_VARIABLE = YES;
				IPHONEOS_DEPLOYMENT_TARGET = 13.2;
				MTL_ENABLE_DEBUG_INFO = INCLUDE_SOURCE;
				MTL_FAST_MATH = YES;
				ONLY_ACTIVE_ARCH = YES;
				SDKROOT = iphoneos;
				SWIFT_ACTIVE_COMPILATION_CONDITIONS = DEBUG;
				SWIFT_OPTIMIZATION_LEVEL = "-Onone";
			};
			name = Debug;
		};
		9F4C9A4C23F06880007EC324 /* Release */ = {
			isa = XCBuildConfiguration;
			buildSettings = {
				ALWAYS_SEARCH_USER_PATHS = NO;
				CLANG_ANALYZER_NONNULL = YES;
				CLANG_ANALYZER_NUMBER_OBJECT_CONVERSION = YES_AGGRESSIVE;
				CLANG_CXX_LANGUAGE_STANDARD = "gnu++14";
				CLANG_CXX_LIBRARY = "libc++";
				CLANG_ENABLE_MODULES = YES;
				CLANG_ENABLE_OBJC_ARC = YES;
				CLANG_ENABLE_OBJC_WEAK = YES;
				CLANG_WARN_BLOCK_CAPTURE_AUTORELEASING = YES;
				CLANG_WARN_BOOL_CONVERSION = YES;
				CLANG_WARN_COMMA = YES;
				CLANG_WARN_CONSTANT_CONVERSION = YES;
				CLANG_WARN_DEPRECATED_OBJC_IMPLEMENTATIONS = YES;
				CLANG_WARN_DIRECT_OBJC_ISA_USAGE = YES_ERROR;
				CLANG_WARN_DOCUMENTATION_COMMENTS = YES;
				CLANG_WARN_EMPTY_BODY = YES;
				CLANG_WARN_ENUM_CONVERSION = YES;
				CLANG_WARN_INFINITE_RECURSION = YES;
				CLANG_WARN_INT_CONVERSION = YES;
				CLANG_WARN_NON_LITERAL_NULL_CONVERSION = YES;
				CLANG_WARN_OBJC_IMPLICIT_RETAIN_SELF = YES;
				CLANG_WARN_OBJC_LITERAL_CONVERSION = YES;
				CLANG_WARN_OBJC_ROOT_CLASS = YES_ERROR;
				CLANG_WARN_RANGE_LOOP_ANALYSIS = YES;
				CLANG_WARN_STRICT_PROTOTYPES = YES;
				CLANG_WARN_SUSPICIOUS_MOVE = YES;
				CLANG_WARN_UNGUARDED_AVAILABILITY = YES_AGGRESSIVE;
				CLANG_WARN_UNREACHABLE_CODE = YES;
				CLANG_WARN__DUPLICATE_METHOD_MATCH = YES;
				COPY_PHASE_STRIP = NO;
				DEBUG_INFORMATION_FORMAT = "dwarf-with-dsym";
				ENABLE_NS_ASSERTIONS = NO;
				ENABLE_STRICT_OBJC_MSGSEND = YES;
				GCC_C_LANGUAGE_STANDARD = gnu11;
				GCC_NO_COMMON_BLOCKS = YES;
				GCC_WARN_64_TO_32_BIT_CONVERSION = YES;
				GCC_WARN_ABOUT_RETURN_TYPE = YES_ERROR;
				GCC_WARN_UNDECLARED_SELECTOR = YES;
				GCC_WARN_UNINITIALIZED_AUTOS = YES_AGGRESSIVE;
				GCC_WARN_UNUSED_FUNCTION = YES;
				GCC_WARN_UNUSED_VARIABLE = YES;
				IPHONEOS_DEPLOYMENT_TARGET = 13.2;
				MTL_ENABLE_DEBUG_INFO = NO;
				MTL_FAST_MATH = YES;
				SDKROOT = iphoneos;
				SWIFT_COMPILATION_MODE = wholemodule;
				SWIFT_OPTIMIZATION_LEVEL = "-O";
				VALIDATE_PRODUCT = YES;
			};
			name = Release;
		};
		9F4C9A4E23F06880007EC324 /* Debug */ = {
			isa = XCBuildConfiguration;
			buildSettings = {
				ASSETCATALOG_COMPILER_APPICON_NAME = AppIcon;
				CODE_SIGN_STYLE = Automatic;
				DEVELOPMENT_TEAM = 9298Q8V8V2;
				INFOPLIST_FILE = Accounts/Info.plist;
				LD_RUNPATH_SEARCH_PATHS = (
					"$(inherited)",
					"@executable_path/Frameworks",
				);
				PRODUCT_BUNDLE_IDENTIFIER = talento.Accounts;
				PRODUCT_NAME = "$(TARGET_NAME)";
				SWIFT_VERSION = 5.0;
				TARGETED_DEVICE_FAMILY = "1,2";
			};
			name = Debug;
		};
		9F4C9A4F23F06880007EC324 /* Release */ = {
			isa = XCBuildConfiguration;
			buildSettings = {
				ASSETCATALOG_COMPILER_APPICON_NAME = AppIcon;
				CODE_SIGN_STYLE = Automatic;
				DEVELOPMENT_TEAM = 9298Q8V8V2;
				INFOPLIST_FILE = Accounts/Info.plist;
				LD_RUNPATH_SEARCH_PATHS = (
					"$(inherited)",
					"@executable_path/Frameworks",
				);
				PRODUCT_BUNDLE_IDENTIFIER = talento.Accounts;
				PRODUCT_NAME = "$(TARGET_NAME)";
				SWIFT_VERSION = 5.0;
				TARGETED_DEVICE_FAMILY = "1,2";
			};
			name = Release;
		};
		9F4C9A5123F06880007EC324 /* Debug */ = {
			isa = XCBuildConfiguration;
			buildSettings = {
				ALWAYS_EMBED_SWIFT_STANDARD_LIBRARIES = YES;
				BUNDLE_LOADER = "$(TEST_HOST)";
				CODE_SIGN_STYLE = Automatic;
				DEVELOPMENT_TEAM = 9298Q8V8V2;
				INFOPLIST_FILE = AccountsTests/Info.plist;
				IPHONEOS_DEPLOYMENT_TARGET = 13.2;
				LD_RUNPATH_SEARCH_PATHS = (
					"$(inherited)",
					"@executable_path/Frameworks",
					"@loader_path/Frameworks",
				);
				PRODUCT_BUNDLE_IDENTIFIER = talento.AccountsTests;
				PRODUCT_NAME = "$(TARGET_NAME)";
				SWIFT_VERSION = 5.0;
				TARGETED_DEVICE_FAMILY = "1,2";
				TEST_HOST = "$(BUILT_PRODUCTS_DIR)/Accounts.app/Accounts";
			};
			name = Debug;
		};
		9F4C9A5223F06880007EC324 /* Release */ = {
			isa = XCBuildConfiguration;
			buildSettings = {
				ALWAYS_EMBED_SWIFT_STANDARD_LIBRARIES = YES;
				BUNDLE_LOADER = "$(TEST_HOST)";
				CODE_SIGN_STYLE = Automatic;
				DEVELOPMENT_TEAM = 9298Q8V8V2;
				INFOPLIST_FILE = AccountsTests/Info.plist;
				IPHONEOS_DEPLOYMENT_TARGET = 13.2;
				LD_RUNPATH_SEARCH_PATHS = (
					"$(inherited)",
					"@executable_path/Frameworks",
					"@loader_path/Frameworks",
				);
				PRODUCT_BUNDLE_IDENTIFIER = talento.AccountsTests;
				PRODUCT_NAME = "$(TARGET_NAME)";
				SWIFT_VERSION = 5.0;
				TARGETED_DEVICE_FAMILY = "1,2";
				TEST_HOST = "$(BUILT_PRODUCTS_DIR)/Accounts.app/Accounts";
			};
			name = Release;
		};
/* End XCBuildConfiguration section */

/* Begin XCConfigurationList section */
		9F4C9A2923F0687F007EC324 /* Build configuration list for PBXProject "Accounts" */ = {
			isa = XCConfigurationList;
			buildConfigurations = (
				9F4C9A4B23F06880007EC324 /* Debug */,
				9F4C9A4C23F06880007EC324 /* Release */,
			);
			defaultConfigurationIsVisible = 0;
			defaultConfigurationName = Release;
		};
		9F4C9A4D23F06880007EC324 /* Build configuration list for PBXNativeTarget "Accounts" */ = {
			isa = XCConfigurationList;
			buildConfigurations = (
				9F4C9A4E23F06880007EC324 /* Debug */,
				9F4C9A4F23F06880007EC324 /* Release */,
			);
			defaultConfigurationIsVisible = 0;
			defaultConfigurationName = Release;
		};
		9F4C9A5023F06880007EC324 /* Build configuration list for PBXNativeTarget "AccountsTests" */ = {
			isa = XCConfigurationList;
			buildConfigurations = (
				9F4C9A5123F06880007EC324 /* Debug */,
				9F4C9A5223F06880007EC324 /* Release */,
			);
			defaultConfigurationIsVisible = 0;
			defaultConfigurationName = Release;
		};
/* End XCConfigurationList section */
	};
	rootObject = 9F4C9A2623F0687F007EC324 /* Project object */;
}
